
Microsoft Visual Studio Solution File, Format Version 12.00
# Visual Studio Version 17
VisualStudioVersion = 17.4.33110.190
MinimumVisualStudioVersion = 10.0.40219.1
Project("{FAE04EC0-301F-11D3-BF4B-00C04F79EFBC}") = "RoomReservation", "RoomReservation\RoomReservation.csproj", "{EF7318B8-3165-46B6-B264-89BB3155F71F}"
EndProject
Global
	GlobalSection(SolutionConfigurationPlatforms) = preSolution
		Debug|Any CPU = Debug|Any CPU
		Release|Any CPU = Release|Any CPU
	EndGlobalSection
	GlobalSection(ProjectConfigurationPlatforms) = postSolution
		{EF7318B8-3165-46B6-B264-89BB3155F71F}.Debug|Any CPU.ActiveCfg = Debug|Any CPU
		{EF7318B8-3165-46B6-B264-89BB3155F71F}.Debug|Any CPU.Build.0 = Debug|Any CPU
		{EF7318B8-3165-46B6-B264-89BB3155F71F}.Release|Any CPU.ActiveCfg = Release|Any CPU
		{EF7318B8-3165-46B6-B264-89BB3155F71F}.Release|Any CPU.Build.0 = Release|Any CPU
	EndGlobalSection
	GlobalSection(SolutionProperties) = preSolution
		HideSolutionNode = FALSE
	EndGlobalSection
	GlobalSection(ExtensibilityGlobals) = postSolution
		SolutionGuid = {911DAB7A-D890-4C9D-9E6D-1EED0A746F75}
	EndGlobalSection
EndGlobal
